
Microsoft Visual Studio Solution File, Format Version 12.00
# Visual Studio Version 17
VisualStudioVersion = 17.7.34031.279
MinimumVisualStudioVersion = 10.0.40219.1
Project("{FAE04EC0-301F-11D3-BF4B-00C04F79EFBC}") = "Elecookies", "Elecookies\Elecookies.csproj", "{46717E4F-16EC-46EB-904F-E74C02D339D2}"
EndProject
Global
	GlobalSection(SolutionConfigurationPlatforms) = preSolution
		Debug|Any CPU = Debug|Any CPU
		Release|Any CPU = Release|Any CPU
	EndGlobalSection
	GlobalSection(ProjectConfigurationPlatforms) = postSolution
		{46717E4F-16EC-46EB-904F-E74C02D339D2}.Debug|Any CPU.ActiveCfg = Debug|Any CPU
		{46717E4F-16EC-46EB-904F-E74C02D339D2}.Debug|Any CPU.Build.0 = Debug|Any CPU
		{46717E4F-16EC-46EB-904F-E74C02D339D2}.Release|Any CPU.ActiveCfg = Release|Any CPU
		{46717E4F-16EC-46EB-904F-E74C02D339D2}.Release|Any CPU.Build.0 = Release|Any CPU
	EndGlobalSection
	GlobalSection(SolutionProperties) = preSolution
		HideSolutionNode = FALSE
	EndGlobalSection
	GlobalSection(ExtensibilityGlobals) = postSolution
		SolutionGuid = {208A3DEE-6DE3-40F6-B967-4DD862A45B08}
	EndGlobalSection
EndGlobal
